// !$*UTF8*$!
{
	archiveVersion = 1;
	classes = {
	};
	objectVersion = 50;
	objects = {

/* Begin PBXBuildFile section */
		198C809FCE6A5CDF828AAB72 /* Pods_rainyshinycloudyUITests.framework in Frameworks */ = {isa = PBXBuildFile; fileRef = 17A50BA1FFBB3B25072D823B /* Pods_rainyshinycloudyUITests.framework */; };
		8FB7DA6A5F0929FE9DF0926B /* Pods_rainyshinycloudy.framework in Frameworks */ = {isa = PBXBuildFile; fileRef = 405A444A21C51A48FD5490D8 /* Pods_rainyshinycloudy.framework */; };
		C1C1F543D25B9EC35997FE52 /* Pods_rainyshinycloudyTests.framework in Frameworks */ = {isa = PBXBuildFile; fileRef = C0142AD81281C86AA2B3F7E2 /* Pods_rainyshinycloudyTests.framework */; };
		F8105EF92064704100BF092F /* Constants.swift in Sources */ = {isa = PBXBuildFile; fileRef = F8105EF82064704100BF092F /* Constants.swift */; };
		F8105EFB2064729300BF092F /* CurrentWeather.swift in Sources */ = {isa = PBXBuildFile; fileRef = F8105EFA2064729300BF092F /* CurrentWeather.swift */; };
		F8DCD134205F08C900617758 /* AppDelegate.swift in Sources */ = {isa = PBXBuildFile; fileRef = F8DCD133205F08C900617758 /* AppDelegate.swift */; };
		F8DCD136205F08CA00617758 /* WeatherVC.swift in Sources */ = {isa = PBXBuildFile; fileRef = F8DCD135205F08CA00617758 /* WeatherVC.swift */; };
		F8DCD139205F08CA00617758 /* Main.storyboard in Resources */ = {isa = PBXBuildFile; fileRef = F8DCD137205F08CA00617758 /* Main.storyboard */; };
		F8DCD13B205F08CC00617758 /* Assets.xcassets in Resources */ = {isa = PBXBuildFile; fileRef = F8DCD13A205F08CC00617758 /* Assets.xcassets */; };
		F8DCD13E205F08CC00617758 /* LaunchScreen.storyboard in Resources */ = {isa = PBXBuildFile; fileRef = F8DCD13C205F08CC00617758 /* LaunchScreen.storyboard */; };
		F8DCD149205F08CD00617758 /* rainyshinycloudyTests.swift in Sources */ = {isa = PBXBuildFile; fileRef = F8DCD148205F08CD00617758 /* rainyshinycloudyTests.swift */; };
		F8DCD154205F08CD00617758 /* rainyshinycloudyUITests.swift in Sources */ = {isa = PBXBuildFile; fileRef = F8DCD153205F08CD00617758 /* rainyshinycloudyUITests.swift */; };
/* End PBXBuildFile section */

/* Begin PBXContainerItemProxy section */
		F8DCD145205F08CD00617758 /* PBXContainerItemProxy */ = {
			isa = PBXContainerItemProxy;
			containerPortal = F8DCD128205F08C900617758 /* Project object */;
			proxyType = 1;
			remoteGlobalIDString = F8DCD12F205F08C900617758;
			remoteInfo = rainyshinycloudy;
		};
		F8DCD150205F08CD00617758 /* PBXContainerItemProxy */ = {
			isa = PBXContainerItemProxy;
			containerPortal = F8DCD128205F08C900617758 /* Project object */;
			proxyType = 1;
			remoteGlobalIDString = F8DCD12F205F08C900617758;
			remoteInfo = rainyshinycloudy;
		};
/* End PBXContainerItemProxy section */

/* Begin PBXFileReference section */
		09523176C4AFCEBF642C968C /* Pods-rainyshinycloudyTests.release.xcconfig */ = {isa = PBXFileReference; includeInIndex = 1; lastKnownFileType = text.xcconfig; name = "Pods-rainyshinycloudyTests.release.xcconfig"; path = "Pods/Target Support Files/Pods-rainyshinycloudyTests/Pods-rainyshinycloudyTests.release.xcconfig"; sourceTree = "<group>"; };
		17A50BA1FFBB3B25072D823B /* Pods_rainyshinycloudyUITests.framework */ = {isa = PBXFileReference; explicitFileType = wrapper.framework; includeInIndex = 0; path = Pods_rainyshinycloudyUITests.framework; sourceTree = BUILT_PRODUCTS_DIR; };
		3BE06566330812326CE86AFC /* Pods-rainyshinycloudy.release.xcconfig */ = {isa = PBXFileReference; includeInIndex = 1; lastKnownFileType = text.xcconfig; name = "Pods-rainyshinycloudy.release.xcconfig"; path = "Pods/Target Support Files/Pods-rainyshinycloudy/Pods-rainyshinycloudy.release.xcconfig"; sourceTree = "<group>"; };
		405A444A21C51A48FD5490D8 /* Pods_rainyshinycloudy.framework */ = {isa = PBXFileReference; explicitFileType = wrapper.framework; includeInIndex = 0; path = Pods_rainyshinycloudy.framework; sourceTree = BUILT_PRODUCTS_DIR; };
		5E21FD8B0CE9AFE4F8CA46B9 /* Pods-rainyshinycloudy.debug.xcconfig */ = {isa = PBXFileReference; includeInIndex = 1; lastKnownFileType = text.xcconfig; name = "Pods-rainyshinycloudy.debug.xcconfig"; path = "Pods/Target Support Files/Pods-rainyshinycloudy/Pods-rainyshinycloudy.debug.xcconfig"; sourceTree = "<group>"; };
		8A9A2B196AD7E1E2F19793AA /* Pods-rainyshinycloudyTests.debug.xcconfig */ = {isa = PBXFileReference; includeInIndex = 1; lastKnownFileType = text.xcconfig; name = "Pods-rainyshinycloudyTests.debug.xcconfig"; path = "Pods/Target Support Files/Pods-rainyshinycloudyTests/Pods-rainyshinycloudyTests.debug.xcconfig"; sourceTree = "<group>"; };
		B3E1949063EA166E8533AC33 /* Pods-rainyshinycloudyUITests.release.xcconfig */ = {isa = PBXFileReference; includeInIndex = 1; lastKnownFileType = text.xcconfig; name = "Pods-rainyshinycloudyUITests.release.xcconfig"; path = "Pods/Target Support Files/Pods-rainyshinycloudyUITests/Pods-rainyshinycloudyUITests.release.xcconfig"; sourceTree = "<group>"; };
		C0142AD81281C86AA2B3F7E2 /* Pods_rainyshinycloudyTests.framework */ = {isa = PBXFileReference; explicitFileType = wrapper.framework; includeInIndex = 0; path = Pods_rainyshinycloudyTests.framework; sourceTree = BUILT_PRODUCTS_DIR; };
		CD808AB63755545E96861FE4 /* Pods-rainyshinycloudyUITests.debug.xcconfig */ = {isa = PBXFileReference; includeInIndex = 1; lastKnownFileType = text.xcconfig; name = "Pods-rainyshinycloudyUITests.debug.xcconfig"; path = "Pods/Target Support Files/Pods-rainyshinycloudyUITests/Pods-rainyshinycloudyUITests.debug.xcconfig"; sourceTree = "<group>"; };
		F8105EF82064704100BF092F /* Constants.swift */ = {isa = PBXFileReference; lastKnownFileType = sourcecode.swift; path = Constants.swift; sourceTree = "<group>"; };
		F8105EFA2064729300BF092F /* CurrentWeather.swift */ = {isa = PBXFileReference; lastKnownFileType = sourcecode.swift; path = CurrentWeather.swift; sourceTree = "<group>"; };
		F8DCD130205F08C900617758 /* rainyshinycloudy.app */ = {isa = PBXFileReference; explicitFileType = wrapper.application; includeInIndex = 0; path = rainyshinycloudy.app; sourceTree = BUILT_PRODUCTS_DIR; };
		F8DCD133205F08C900617758 /* AppDelegate.swift */ = {isa = PBXFileReference; lastKnownFileType = sourcecode.swift; path = AppDelegate.swift; sourceTree = "<group>"; };
		F8DCD135205F08CA00617758 /* WeatherVC.swift */ = {isa = PBXFileReference; lastKnownFileType = sourcecode.swift; path = WeatherVC.swift; sourceTree = "<group>"; };
		F8DCD138205F08CA00617758 /* Base */ = {isa = PBXFileReference; lastKnownFileType = file.storyboard; name = Base; path = Base.lproj/Main.storyboard; sourceTree = "<group>"; };
		F8DCD13A205F08CC00617758 /* Assets.xcassets */ = {isa = PBXFileReference; lastKnownFileType = folder.assetcatalog; path = Assets.xcassets; sourceTree = "<group>"; };
		F8DCD13D205F08CC00617758 /* Base */ = {isa = PBXFileReference; lastKnownFileType = file.storyboard; name = Base; path = Base.lproj/LaunchScreen.storyboard; sourceTree = "<group>"; };
		F8DCD13F205F08CD00617758 /* Info.plist */ = {isa = PBXFileReference; lastKnownFileType = text.plist.xml; path = Info.plist; sourceTree = "<group>"; };
		F8DCD144205F08CD00617758 /* rainyshinycloudyTests.xctest */ = {isa = PBXFileReference; explicitFileType = wrapper.cfbundle; includeInIndex = 0; path = rainyshinycloudyTests.xctest; sourceTree = BUILT_PRODUCTS_DIR; };
		F8DCD148205F08CD00617758 /* rainyshinycloudyTests.swift */ = {isa = PBXFileReference; lastKnownFileType = sourcecode.swift; path = rainyshinycloudyTests.swift; sourceTree = "<group>"; };
		F8DCD14A205F08CD00617758 /* Info.plist */ = {isa = PBXFileReference; lastKnownFileType = text.plist.xml; path = Info.plist; sourceTree = "<group>"; };
		F8DCD14F205F08CD00617758 /* rainyshinycloudyUITests.xctest */ = {isa = PBXFileReference; explicitFileType = wrapper.cfbundle; includeInIndex = 0; path = rainyshinycloudyUITests.xctest; sourceTree = BUILT_PRODUCTS_DIR; };
		F8DCD153205F08CD00617758 /* rainyshinycloudyUITests.swift */ = {isa = PBXFileReference; lastKnownFileType = sourcecode.swift; path = rainyshinycloudyUITests.swift; sourceTree = "<group>"; };
		F8DCD155205F08CD00617758 /* Info.plist */ = {isa = PBXFileReference; lastKnownFileType = text.plist.xml; path = Info.plist; sourceTree = "<group>"; };
/* End PBXFileReference section */

/* Begin PBXFrameworksBuildPhase section */
		F8DCD12D205F08C900617758 /* Frameworks */ = {
			isa = PBXFrameworksBuildPhase;
			buildActionMask = 2147483647;
			files = (
				8FB7DA6A5F0929FE9DF0926B /* Pods_rainyshinycloudy.framework in Frameworks */,
			);
			runOnlyForDeploymentPostprocessing = 0;
		};
		F8DCD141205F08CD00617758 /* Frameworks */ = {
			isa = PBXFrameworksBuildPhase;
			buildActionMask = 2147483647;
			files = (
				C1C1F543D25B9EC35997FE52 /* Pods_rainyshinycloudyTests.framework in Frameworks */,
			);
			runOnlyForDeploymentPostprocessing = 0;
		};
		F8DCD14C205F08CD00617758 /* Frameworks */ = {
			isa = PBXFrameworksBuildPhase;
			buildActionMask = 2147483647;
			files = (
				198C809FCE6A5CDF828AAB72 /* Pods_rainyshinycloudyUITests.framework in Frameworks */,
			);
			runOnlyForDeploymentPostprocessing = 0;
		};
/* End PBXFrameworksBuildPhase section */

/* Begin PBXGroup section */
		58753774468D78DE9F83C844 /* Frameworks */ = {
			isa = PBXGroup;
			children = (
				405A444A21C51A48FD5490D8 /* Pods_rainyshinycloudy.framework */,
				C0142AD81281C86AA2B3F7E2 /* Pods_rainyshinycloudyTests.framework */,
				17A50BA1FFBB3B25072D823B /* Pods_rainyshinycloudyUITests.framework */,
			);
			name = Frameworks;
			sourceTree = "<group>";
		};
		59D054EE62D76CB15A371457 /* Pods */ = {
			isa = PBXGroup;
			children = (
				5E21FD8B0CE9AFE4F8CA46B9 /* Pods-rainyshinycloudy.debug.xcconfig */,
				3BE06566330812326CE86AFC /* Pods-rainyshinycloudy.release.xcconfig */,
				8A9A2B196AD7E1E2F19793AA /* Pods-rainyshinycloudyTests.debug.xcconfig */,
				09523176C4AFCEBF642C968C /* Pods-rainyshinycloudyTests.release.xcconfig */,
				CD808AB63755545E96861FE4 /* Pods-rainyshinycloudyUITests.debug.xcconfig */,
				B3E1949063EA166E8533AC33 /* Pods-rainyshinycloudyUITests.release.xcconfig */,
			);
			name = Pods;
			sourceTree = "<group>";
		};
		F8DCD127205F08C900617758 = {
			isa = PBXGroup;
			children = (
				F8DCD132205F08C900617758 /* rainyshinycloudy */,
				F8DCD147205F08CD00617758 /* rainyshinycloudyTests */,
				F8DCD152205F08CD00617758 /* rainyshinycloudyUITests */,
				F8DCD131205F08C900617758 /* Products */,
				59D054EE62D76CB15A371457 /* Pods */,
				58753774468D78DE9F83C844 /* Frameworks */,
			);
			sourceTree = "<group>";
		};
		F8DCD131205F08C900617758 /* Products */ = {
			isa = PBXGroup;
			children = (
				F8DCD130205F08C900617758 /* rainyshinycloudy.app */,
				F8DCD144205F08CD00617758 /* rainyshinycloudyTests.xctest */,
				F8DCD14F205F08CD00617758 /* rainyshinycloudyUITests.xctest */,
			);
			name = Products;
			sourceTree = "<group>";
		};
		F8DCD132205F08C900617758 /* rainyshinycloudy */ = {
			isa = PBXGroup;
			children = (
				F8DCD133205F08C900617758 /* AppDelegate.swift */,
				F8DCD135205F08CA00617758 /* WeatherVC.swift */,
				F8DCD137205F08CA00617758 /* Main.storyboard */,
				F8DCD13A205F08CC00617758 /* Assets.xcassets */,
				F8DCD13C205F08CC00617758 /* LaunchScreen.storyboard */,
				F8DCD13F205F08CD00617758 /* Info.plist */,
				F8105EF82064704100BF092F /* Constants.swift */,
				F8105EFA2064729300BF092F /* CurrentWeather.swift */,
			);
			path = rainyshinycloudy;
			sourceTree = "<group>";
		};
		F8DCD147205F08CD00617758 /* rainyshinycloudyTests */ = {
			isa = PBXGroup;
			children = (
				F8DCD148205F08CD00617758 /* rainyshinycloudyTests.swift */,
				F8DCD14A205F08CD00617758 /* Info.plist */,
			);
			path = rainyshinycloudyTests;
			sourceTree = "<group>";
		};
		F8DCD152205F08CD00617758 /* rainyshinycloudyUITests */ = {
			isa = PBXGroup;
			children = (
				F8DCD153205F08CD00617758 /* rainyshinycloudyUITests.swift */,
				F8DCD155205F08CD00617758 /* Info.plist */,
			);
			path = rainyshinycloudyUITests;
			sourceTree = "<group>";
		};
/* End PBXGroup section */

/* Begin PBXNativeTarget section */
		F8DCD12F205F08C900617758 /* rainyshinycloudy */ = {
			isa = PBXNativeTarget;
			buildConfigurationList = F8DCD158205F08CD00617758 /* Build configuration list for PBXNativeTarget "rainyshinycloudy" */;
			buildPhases = (
				F8B153090FB173D312B9BEFC /* [CP] Check Pods Manifest.lock */,
				F8DCD12C205F08C900617758 /* Sources */,
				F8DCD12D205F08C900617758 /* Frameworks */,
				F8DCD12E205F08C900617758 /* Resources */,
				04604A88130C6A357929EA9F /* [CP] Embed Pods Frameworks */,
				8E05D3377FA5EED8297EAAF2 /* [CP] Copy Pods Resources */,
			);
			buildRules = (
			);
			dependencies = (
			);
			name = rainyshinycloudy;
			productName = rainyshinycloudy;
			productReference = F8DCD130205F08C900617758 /* rainyshinycloudy.app */;
			productType = "com.apple.product-type.application";
		};
		F8DCD143205F08CD00617758 /* rainyshinycloudyTests */ = {
			isa = PBXNativeTarget;
			buildConfigurationList = F8DCD15B205F08CD00617758 /* Build configuration list for PBXNativeTarget "rainyshinycloudyTests" */;
			buildPhases = (
				C5A5B9D94D06DFD06A4D12D3 /* [CP] Check Pods Manifest.lock */,
				F8DCD140205F08CD00617758 /* Sources */,
				F8DCD141205F08CD00617758 /* Frameworks */,
				F8DCD142205F08CD00617758 /* Resources */,
				9880A0E1631D412B375196C4 /* [CP] Embed Pods Frameworks */,
				76D2FFC24B214E8C680860C0 /* [CP] Copy Pods Resources */,
			);
			buildRules = (
			);
			dependencies = (
				F8DCD146205F08CD00617758 /* PBXTargetDependency */,
			);
			name = rainyshinycloudyTests;
			productName = rainyshinycloudyTests;
			productReference = F8DCD144205F08CD00617758 /* rainyshinycloudyTests.xctest */;
			productType = "com.apple.product-type.bundle.unit-test";
		};
		F8DCD14E205F08CD00617758 /* rainyshinycloudyUITests */ = {
			isa = PBXNativeTarget;
			buildConfigurationList = F8DCD15E205F08CD00617758 /* Build configuration list for PBXNativeTarget "rainyshinycloudyUITests" */;
			buildPhases = (
				D6E4ADE68FF83737F357F806 /* [CP] Check Pods Manifest.lock */,
				F8DCD14B205F08CD00617758 /* Sources */,
				F8DCD14C205F08CD00617758 /* Frameworks */,
				F8DCD14D205F08CD00617758 /* Resources */,
				FB218FCD0C099B5447366199 /* [CP] Embed Pods Frameworks */,
				CE054EB12F652BAB839FCA8B /* [CP] Copy Pods Resources */,
			);
			buildRules = (
			);
			dependencies = (
				F8DCD151205F08CD00617758 /* PBXTargetDependency */,
			);
			name = rainyshinycloudyUITests;
			productName = rainyshinycloudyUITests;
			productReference = F8DCD14F205F08CD00617758 /* rainyshinycloudyUITests.xctest */;
			productType = "com.apple.product-type.bundle.ui-testing";
		};
/* End PBXNativeTarget section */

/* Begin PBXProject section */
		F8DCD128205F08C900617758 /* Project object */ = {
			isa = PBXProject;
			attributes = {
				LastSwiftUpdateCheck = 0930;
				LastUpgradeCheck = 0930;
				ORGANIZATIONNAME = "Andrew Miller";
				TargetAttributes = {
					F8DCD12F205F08C900617758 = {
						CreatedOnToolsVersion = 9.3;
					};
					F8DCD143205F08CD00617758 = {
						CreatedOnToolsVersion = 9.3;
						TestTargetID = F8DCD12F205F08C900617758;
					};
					F8DCD14E205F08CD00617758 = {
						CreatedOnToolsVersion = 9.3;
						TestTargetID = F8DCD12F205F08C900617758;
					};
				};
			};
			buildConfigurationList = F8DCD12B205F08C900617758 /* Build configuration list for PBXProject "rainyshinycloudy" */;
			compatibilityVersion = "Xcode 9.3";
			developmentRegion = en;
			hasScannedForEncodings = 0;
			knownRegions = (
				en,
				Base,
			);
			mainGroup = F8DCD127205F08C900617758;
			productRefGroup = F8DCD131205F08C900617758 /* Products */;
			projectDirPath = "";
			projectRoot = "";
			targets = (
				F8DCD12F205F08C900617758 /* rainyshinycloudy */,
				F8DCD143205F08CD00617758 /* rainyshinycloudyTests */,
				F8DCD14E205F08CD00617758 /* rainyshinycloudyUITests */,
			);
		};
/* End PBXProject section */

/* Begin PBXResourcesBuildPhase section */
		F8DCD12E205F08C900617758 /* Resources */ = {
			isa = PBXResourcesBuildPhase;
			buildActionMask = 2147483647;
			files = (
				F8DCD13E205F08CC00617758 /* LaunchScreen.storyboard in Resources */,
				F8DCD13B205F08CC00617758 /* Assets.xcassets in Resources */,
				F8DCD139205F08CA00617758 /* Main.storyboard in Resources */,
			);
			runOnlyForDeploymentPostprocessing = 0;
		};
		F8DCD142205F08CD00617758 /* Resources */ = {
			isa = PBXResourcesBuildPhase;
			buildActionMask = 2147483647;
			files = (
			);
			runOnlyForDeploymentPostprocessing = 0;
		};
		F8DCD14D205F08CD00617758 /* Resources */ = {
			isa = PBXResourcesBuildPhase;
			buildActionMask = 2147483647;
			files = (
			);
			runOnlyForDeploymentPostprocessing = 0;
		};
/* End PBXResourcesBuildPhase section */

/* Begin PBXShellScriptBuildPhase section */
		04604A88130C6A357929EA9F /* [CP] Embed Pods Frameworks */ = {
			isa = PBXShellScriptBuildPhase;
			buildActionMask = 2147483647;
			files = (
			);
			inputPaths = (
				"${SRCROOT}/Pods/Target Support Files/Pods-rainyshinycloudy/Pods-rainyshinycloudy-frameworks.sh",
				"${BUILT_PRODUCTS_DIR}/Alamofire/Alamofire.framework",
			);
			name = "[CP] Embed Pods Frameworks";
			outputPaths = (
				"${TARGET_BUILD_DIR}/${FRAMEWORKS_FOLDER_PATH}/Alamofire.framework",
			);
			runOnlyForDeploymentPostprocessing = 0;
			shellPath = /bin/sh;
			shellScript = "\"${SRCROOT}/Pods/Target Support Files/Pods-rainyshinycloudy/Pods-rainyshinycloudy-frameworks.sh\"\n";
			showEnvVarsInLog = 0;
		};
		76D2FFC24B214E8C680860C0 /* [CP] Copy Pods Resources */ = {
			isa = PBXShellScriptBuildPhase;
			buildActionMask = 2147483647;
			files = (
			);
			inputPaths = (
			);
			name = "[CP] Copy Pods Resources";
			outputPaths = (
			);
			runOnlyForDeploymentPostprocessing = 0;
			shellPath = /bin/sh;
			shellScript = "\"${SRCROOT}/Pods/Target Support Files/Pods-rainyshinycloudyTests/Pods-rainyshinycloudyTests-resources.sh\"\n";
			showEnvVarsInLog = 0;
		};
		8E05D3377FA5EED8297EAAF2 /* [CP] Copy Pods Resources */ = {
			isa = PBXShellScriptBuildPhase;
			buildActionMask = 2147483647;
			files = (
			);
			inputPaths = (
			);
			name = "[CP] Copy Pods Resources";
			outputPaths = (
			);
			runOnlyForDeploymentPostprocessing = 0;
			shellPath = /bin/sh;
			shellScript = "\"${SRCROOT}/Pods/Target Support Files/Pods-rainyshinycloudy/Pods-rainyshinycloudy-resources.sh\"\n";
			showEnvVarsInLog = 0;
		};
		9880A0E1631D412B375196C4 /* [CP] Embed Pods Frameworks */ = {
			isa = PBXShellScriptBuildPhase;
			buildActionMask = 2147483647;
			files = (
			);
			inputPaths = (
			);
			name = "[CP] Embed Pods Frameworks";
			outputPaths = (
			);
			runOnlyForDeploymentPostprocessing = 0;
			shellPath = /bin/sh;
			shellScript = "\"${SRCROOT}/Pods/Target Support Files/Pods-rainyshinycloudyTests/Pods-rainyshinycloudyTests-frameworks.sh\"\n";
			showEnvVarsInLog = 0;
		};
		C5A5B9D94D06DFD06A4D12D3 /* [CP] Check Pods Manifest.lock */ = {
			isa = PBXShellScriptBuildPhase;
			buildActionMask = 2147483647;
			files = (
			);
			inputPaths = (
				"${PODS_PODFILE_DIR_PATH}/Podfile.lock",
				"${PODS_ROOT}/Manifest.lock",
			);
			name = "[CP] Check Pods Manifest.lock";
			outputPaths = (
				"$(DERIVED_FILE_DIR)/Pods-rainyshinycloudyTests-checkManifestLockResult.txt",
			);
			runOnlyForDeploymentPostprocessing = 0;
			shellPath = /bin/sh;
			shellScript = "diff \"${PODS_PODFILE_DIR_PATH}/Podfile.lock\" \"${PODS_ROOT}/Manifest.lock\" > /dev/null\nif [ $? != 0 ] ; then\n    # print error to STDERR\n    echo \"error: The sandbox is not in sync with the Podfile.lock. Run 'pod install' or update your CocoaPods installation.\" >&2\n    exit 1\nfi\n# This output is used by Xcode 'outputs' to avoid re-running this script phase.\necho \"SUCCESS\" > \"${SCRIPT_OUTPUT_FILE_0}\"\n";
			showEnvVarsInLog = 0;
		};
		CE054EB12F652BAB839FCA8B /* [CP] Copy Pods Resources */ = {
			isa = PBXShellScriptBuildPhase;
			buildActionMask = 2147483647;
			files = (
			);
			inputPaths = (
			);
			name = "[CP] Copy Pods Resources";
			outputPaths = (
			);
			runOnlyForDeploymentPostprocessing = 0;
			shellPath = /bin/sh;
			shellScript = "\"${SRCROOT}/Pods/Target Support Files/Pods-rainyshinycloudyUITests/Pods-rainyshinycloudyUITests-resources.sh\"\n";
			showEnvVarsInLog = 0;
		};
		D6E4ADE68FF83737F357F806 /* [CP] Check Pods Manifest.lock */ = {
			isa = PBXShellScriptBuildPhase;
			buildActionMask = 2147483647;
			files = (
			);
			inputPaths = (
				"${PODS_PODFILE_DIR_PATH}/Podfile.lock",
				"${PODS_ROOT}/Manifest.lock",
			);
			name = "[CP] Check Pods Manifest.lock";
			outputPaths = (
				"$(DERIVED_FILE_DIR)/Pods-rainyshinycloudyUITests-checkManifestLockResult.txt",
			);
			runOnlyForDeploymentPostprocessing = 0;
			shellPath = /bin/sh;
			shellScript = "diff \"${PODS_PODFILE_DIR_PATH}/Podfile.lock\" \"${PODS_ROOT}/Manifest.lock\" > /dev/null\nif [ $? != 0 ] ; then\n    # print error to STDERR\n    echo \"error: The sandbox is not in sync with the Podfile.lock. Run 'pod install' or update your CocoaPods installation.\" >&2\n    exit 1\nfi\n# This output is used by Xcode 'outputs' to avoid re-running this script phase.\necho \"SUCCESS\" > \"${SCRIPT_OUTPUT_FILE_0}\"\n";
			showEnvVarsInLog = 0;
		};
		F8B153090FB173D312B9BEFC /* [CP] Check Pods Manifest.lock */ = {
			isa = PBXShellScriptBuildPhase;
			buildActionMask = 2147483647;
			files = (
			);
			inputPaths = (
				"${PODS_PODFILE_DIR_PATH}/Podfile.lock",
				"${PODS_ROOT}/Manifest.lock",
			);
			name = "[CP] Check Pods Manifest.lock";
			outputPaths = (
				"$(DERIVED_FILE_DIR)/Pods-rainyshinycloudy-checkManifestLockResult.txt",
			);
			runOnlyForDeploymentPostprocessing = 0;
			shellPath = /bin/sh;
			shellScript = "diff \"${PODS_PODFILE_DIR_PATH}/Podfile.lock\" \"${PODS_ROOT}/Manifest.lock\" > /dev/null\nif [ $? != 0 ] ; then\n    # print error to STDERR\n    echo \"error: The sandbox is not in sync with the Podfile.lock. Run 'pod install' or update your CocoaPods installation.\" >&2\n    exit 1\nfi\n# This output is used by Xcode 'outputs' to avoid re-running this script phase.\necho \"SUCCESS\" > \"${SCRIPT_OUTPUT_FILE_0}\"\n";
			showEnvVarsInLog = 0;
		};
		FB218FCD0C099B5447366199 /* [CP] Embed Pods Frameworks */ = {
			isa = PBXShellScriptBuildPhase;
			buildActionMask = 2147483647;
			files = (
			);
			inputPaths = (
			);
			name = "[CP] Embed Pods Frameworks";
			outputPaths = (
			);
			runOnlyForDeploymentPostprocessing = 0;
			shellPath = /bin/sh;
			shellScript = "\"${SRCROOT}/Pods/Target Support Files/Pods-rainyshinycloudyUITests/Pods-rainyshinycloudyUITests-frameworks.sh\"\n";
			showEnvVarsInLog = 0;
		};
/* End PBXShellScriptBuildPhase section */

/* Begin PBXSourcesBuildPhase section */
		F8DCD12C205F08C900617758 /* Sources */ = {
			isa = PBXSourcesBuildPhase;
			buildActionMask = 2147483647;
			files = (
				F8DCD136205F08CA00617758 /* WeatherVC.swift in Sources */,
				F8DCD134205F08C900617758 /* AppDelegate.swift in Sources */,
				F8105EFB2064729300BF092F /* CurrentWeather.swift in Sources */,
				F8105EF92064704100BF092F /* Constants.swift in Sources */,
			);
			runOnlyForDeploymentPostprocessing = 0;
		};
		F8DCD140205F08CD00617758 /* Sources */ = {
			isa = PBXSourcesBuildPhase;
			buildActionMask = 2147483647;
			files = (
				F8DCD149205F08CD00617758 /* rainyshinycloudyTests.swift in Sources */,
			);
			runOnlyForDeploymentPostprocessing = 0;
		};
		F8DCD14B205F08CD00617758 /* Sources */ = {
			isa = PBXSourcesBuildPhase;
			buildActionMask = 2147483647;
			files = (
				F8DCD154205F08CD00617758 /* rainyshinycloudyUITests.swift in Sources */,
			);
			runOnlyForDeploymentPostprocessing = 0;
		};
/* End PBXSourcesBuildPhase section */

/* Begin PBXTargetDependency section */
		F8DCD146205F08CD00617758 /* PBXTargetDependency */ = {
			isa = PBXTargetDependency;
			target = F8DCD12F205F08C900617758 /* rainyshinycloudy */;
			targetProxy = F8DCD145205F08CD00617758 /* PBXContainerItemProxy */;
		};
		F8DCD151205F08CD00617758 /* PBXTargetDependency */ = {
			isa = PBXTargetDependency;
			target = F8DCD12F205F08C900617758 /* rainyshinycloudy */;
			targetProxy = F8DCD150205F08CD00617758 /* PBXContainerItemProxy */;
		};
/* End PBXTargetDependency section */

/* Begin PBXVariantGroup section */
		F8DCD137205F08CA00617758 /* Main.storyboard */ = {
			isa = PBXVariantGroup;
			children = (
				F8DCD138205F08CA00617758 /* Base */,
			);
			name = Main.storyboard;
			sourceTree = "<group>";
		};
		F8DCD13C205F08CC00617758 /* LaunchScreen.storyboard */ = {
			isa = PBXVariantGroup;
			children = (
				F8DCD13D205F08CC00617758 /* Base */,
			);
			name = LaunchScreen.storyboard;
			sourceTree = "<group>";
		};
/* End PBXVariantGroup section */

/* Begin XCBuildConfiguration section */
		F8DCD156205F08CD00617758 /* Debug */ = {
			isa = XCBuildConfiguration;
			buildSettings = {
				ALWAYS_SEARCH_USER_PATHS = NO;
				CLANG_ANALYZER_NONNULL = YES;
				CLANG_ANALYZER_NUMBER_OBJECT_CONVERSION = YES_AGGRESSIVE;
				CLANG_CXX_LANGUAGE_STANDARD = "gnu++14";
				CLANG_CXX_LIBRARY = "libc++";
				CLANG_ENABLE_MODULES = YES;
				CLANG_ENABLE_OBJC_ARC = YES;
				CLANG_ENABLE_OBJC_WEAK = YES;
				CLANG_WARN_BLOCK_CAPTURE_AUTORELEASING = YES;
				CLANG_WARN_BOOL_CONVERSION = YES;
				CLANG_WARN_COMMA = YES;
				CLANG_WARN_CONSTANT_CONVERSION = YES;
				CLANG_WARN_DEPRECATED_OBJC_IMPLEMENTATIONS = YES;
				CLANG_WARN_DIRECT_OBJC_ISA_USAGE = YES_ERROR;
				CLANG_WARN_DOCUMENTATION_COMMENTS = YES;
				CLANG_WARN_EMPTY_BODY = YES;
				CLANG_WARN_ENUM_CONVERSION = YES;
				CLANG_WARN_INFINITE_RECURSION = YES;
				CLANG_WARN_INT_CONVERSION = YES;
				CLANG_WARN_NON_LITERAL_NULL_CONVERSION = YES;
				CLANG_WARN_OBJC_IMPLICIT_RETAIN_SELF = YES;
				CLANG_WARN_OBJC_LITERAL_CONVERSION = YES;
				CLANG_WARN_OBJC_ROOT_CLASS = YES_ERROR;
				CLANG_WARN_RANGE_LOOP_ANALYSIS = YES;
				CLANG_WARN_STRICT_PROTOTYPES = YES;
				CLANG_WARN_SUSPICIOUS_MOVE = YES;
				CLANG_WARN_UNGUARDED_AVAILABILITY = YES_AGGRESSIVE;
				CLANG_WARN_UNREACHABLE_CODE = YES;
				CLANG_WARN__DUPLICATE_METHOD_MATCH = YES;
				CODE_SIGN_IDENTITY = "iPhone Developer";
				COPY_PHASE_STRIP = NO;
				DEBUG_INFORMATION_FORMAT = dwarf;
				ENABLE_STRICT_OBJC_MSGSEND = YES;
				ENABLE_TESTABILITY = YES;
				GCC_C_LANGUAGE_STANDARD = gnu11;
				GCC_DYNAMIC_NO_PIC = NO;
				GCC_NO_COMMON_BLOCKS = YES;
				GCC_OPTIMIZATION_LEVEL = 0;
				GCC_PREPROCESSOR_DEFINITIONS = (
					"DEBUG=1",
					"$(inherited)",
				);
				GCC_WARN_64_TO_32_BIT_CONVERSION = YES;
				GCC_WARN_ABOUT_RETURN_TYPE = YES_ERROR;
				GCC_WARN_UNDECLARED_SELECTOR = YES;
				GCC_WARN_UNINITIALIZED_AUTOS = YES_AGGRESSIVE;
				GCC_WARN_UNUSED_FUNCTION = YES;
				GCC_WARN_UNUSED_VARIABLE = YES;
				IPHONEOS_DEPLOYMENT_TARGET = 11.3;
				MTL_ENABLE_DEBUG_INFO = YES;
				ONLY_ACTIVE_ARCH = YES;
				SDKROOT = iphoneos;
				SWIFT_ACTIVE_COMPILATION_CONDITIONS = DEBUG;
				SWIFT_OPTIMIZATION_LEVEL = "-Onone";
			};
			name = Debug;
		};
		F8DCD157205F08CD00617758 /* Release */ = {
			isa = XCBuildConfiguration;
			buildSettings = {
				ALWAYS_SEARCH_USER_PATHS = NO;
				CLANG_ANALYZER_NONNULL = YES;
				CLANG_ANALYZER_NUMBER_OBJECT_CONVERSION = YES_AGGRESSIVE;
				CLANG_CXX_LANGUAGE_STANDARD = "gnu++14";
				CLANG_CXX_LIBRARY = "libc++";
				CLANG_ENABLE_MODULES = YES;
				CLANG_ENABLE_OBJC_ARC = YES;
				CLANG_ENABLE_OBJC_WEAK = YES;
				CLANG_WARN_BLOCK_CAPTURE_AUTORELEASING = YES;
				CLANG_WARN_BOOL_CONVERSION = YES;
				CLANG_WARN_COMMA = YES;
				CLANG_WARN_CONSTANT_CONVERSION = YES;
				CLANG_WARN_DEPRECATED_OBJC_IMPLEMENTATIONS = YES;
				CLANG_WARN_DIRECT_OBJC_ISA_USAGE = YES_ERROR;
				CLANG_WARN_DOCUMENTATION_COMMENTS = YES;
				CLANG_WARN_EMPTY_BODY = YES;
				CLANG_WARN_ENUM_CONVERSION = YES;
				CLANG_WARN_INFINITE_RECURSION = YES;
				CLANG_WARN_INT_CONVERSION = YES;
				CLANG_WARN_NON_LITERAL_NULL_CONVERSION = YES;
				CLANG_WARN_OBJC_IMPLICIT_RETAIN_SELF = YES;
				CLANG_WARN_OBJC_LITERAL_CONVERSION = YES;
				CLANG_WARN_OBJC_ROOT_CLASS = YES_ERROR;
				CLANG_WARN_RANGE_LOOP_ANALYSIS = YES;
				CLANG_WARN_STRICT_PROTOTYPES = YES;
				CLANG_WARN_SUSPICIOUS_MOVE = YES;
				CLANG_WARN_UNGUARDED_AVAILABILITY = YES_AGGRESSIVE;
				CLANG_WARN_UNREACHABLE_CODE = YES;
				CLANG_WARN__DUPLICATE_METHOD_MATCH = YES;
				CODE_SIGN_IDENTITY = "iPhone Developer";
				COPY_PHASE_STRIP = NO;
				DEBUG_INFORMATION_FORMAT = "dwarf-with-dsym";
				ENABLE_NS_ASSERTIONS = NO;
				ENABLE_STRICT_OBJC_MSGSEND = YES;
				GCC_C_LANGUAGE_STANDARD = gnu11;
				GCC_NO_COMMON_BLOCKS = YES;
				GCC_WARN_64_TO_32_BIT_CONVERSION = YES;
				GCC_WARN_ABOUT_RETURN_TYPE = YES_ERROR;
				GCC_WARN_UNDECLARED_SELECTOR = YES;
				GCC_WARN_UNINITIALIZED_AUTOS = YES_AGGRESSIVE;
				GCC_WARN_UNUSED_FUNCTION = YES;
				GCC_WARN_UNUSED_VARIABLE = YES;
				IPHONEOS_DEPLOYMENT_TARGET = 11.3;
				MTL_ENABLE_DEBUG_INFO = NO;
				SDKROOT = iphoneos;
				SWIFT_OPTIMIZATION_LEVEL = "-Owholemodule";
				VALIDATE_PRODUCT = YES;
			};
			name = Release;
		};
		F8DCD159205F08CD00617758 /* Debug */ = {
			isa = XCBuildConfiguration;
			baseConfigurationReference = 5E21FD8B0CE9AFE4F8CA46B9 /* Pods-rainyshinycloudy.debug.xcconfig */;
			buildSettings = {
				ASSETCATALOG_COMPILER_APPICON_NAME = AppIcon;
				CODE_SIGN_STYLE = Automatic;
				DEVELOPMENT_TEAM = 67H43KT2PM;
				INFOPLIST_FILE = rainyshinycloudy/Info.plist;
				LD_RUNPATH_SEARCH_PATHS = (
					"$(inherited)",
					"@executable_path/Frameworks",
				);
				PRODUCT_BUNDLE_IDENTIFIER = com.andrewmiller167.rainyshinycloudy;
				PRODUCT_NAME = "$(TARGET_NAME)";
				SWIFT_VERSION = 4.0;
				TARGETED_DEVICE_FAMILY = "1,2";
			};
			name = Debug;
		};
		F8DCD15A205F08CD00617758 /* Release */ = {
			isa = XCBuildConfiguration;
			baseConfigurationReference = 3BE06566330812326CE86AFC /* Pods-rainyshinycloudy.release.xcconfig */;
			buildSettings = {
				ASSETCATALOG_COMPILER_APPICON_NAME = AppIcon;
				CODE_SIGN_STYLE = Automatic;
				DEVELOPMENT_TEAM = 67H43KT2PM;
				INFOPLIST_FILE = rainyshinycloudy/Info.plist;
				LD_RUNPATH_SEARCH_PATHS = (
					"$(inherited)",
					"@executable_path/Frameworks",
				);
				PRODUCT_BUNDLE_IDENTIFIER = com.andrewmiller167.rainyshinycloudy;
				PRODUCT_NAME = "$(TARGET_NAME)";
				SWIFT_VERSION = 4.0;
				TARGETED_DEVICE_FAMILY = "1,2";
			};
			name = Release;
		};
		F8DCD15C205F08CD00617758 /* Debug */ = {
			isa = XCBuildConfiguration;
			baseConfigurationReference = 8A9A2B196AD7E1E2F19793AA /* Pods-rainyshinycloudyTests.debug.xcconfig */;
			buildSettings = {
				ALWAYS_EMBED_SWIFT_STANDARD_LIBRARIES = YES;
				BUNDLE_LOADER = "$(TEST_HOST)";
				CODE_SIGN_STYLE = Automatic;
				DEVELOPMENT_TEAM = 67H43KT2PM;
				INFOPLIST_FILE = rainyshinycloudyTests/Info.plist;
				LD_RUNPATH_SEARCH_PATHS = (
					"$(inherited)",
					"@executable_path/Frameworks",
					"@loader_path/Frameworks",
				);
				PRODUCT_BUNDLE_IDENTIFIER = com.andrewmiller167.rainyshinycloudyTests;
				PRODUCT_NAME = "$(TARGET_NAME)";
				SWIFT_VERSION = 4.0;
				TARGETED_DEVICE_FAMILY = "1,2";
				TEST_HOST = "$(BUILT_PRODUCTS_DIR)/rainyshinycloudy.app/rainyshinycloudy";
			};
			name = Debug;
		};
		F8DCD15D205F08CD00617758 /* Release */ = {
			isa = XCBuildConfiguration;
			baseConfigurationReference = 09523176C4AFCEBF642C968C /* Pods-rainyshinycloudyTests.release.xcconfig */;
			buildSettings = {
				ALWAYS_EMBED_SWIFT_STANDARD_LIBRARIES = YES;
				BUNDLE_LOADER = "$(TEST_HOST)";
				CODE_SIGN_STYLE = Automatic;
				DEVELOPMENT_TEAM = 67H43KT2PM;
				INFOPLIST_FILE = rainyshinycloudyTests/Info.plist;
				LD_RUNPATH_SEARCH_PATHS = (
					"$(inherited)",
					"@executable_path/Frameworks",
					"@loader_path/Frameworks",
				);
				PRODUCT_BUNDLE_IDENTIFIER = com.andrewmiller167.rainyshinycloudyTests;
				PRODUCT_NAME = "$(TARGET_NAME)";
				SWIFT_VERSION = 4.0;
				TARGETED_DEVICE_FAMILY = "1,2";
				TEST_HOST = "$(BUILT_PRODUCTS_DIR)/rainyshinycloudy.app/rainyshinycloudy";
			};
			name = Release;
		};
		F8DCD15F205F08CD00617758 /* Debug */ = {
			isa = XCBuildConfiguration;
			baseConfigurationReference = CD808AB63755545E96861FE4 /* Pods-rainyshinycloudyUITests.debug.xcconfig */;
			buildSettings = {
				ALWAYS_EMBED_SWIFT_STANDARD_LIBRARIES = YES;
				CODE_SIGN_STYLE = Automatic;
				DEVELOPMENT_TEAM = 67H43KT2PM;
				INFOPLIST_FILE = rainyshinycloudyUITests/Info.plist;
				LD_RUNPATH_SEARCH_PATHS = (
					"$(inherited)",
					"@executable_path/Frameworks",
					"@loader_path/Frameworks",
				);
				PRODUCT_BUNDLE_IDENTIFIER = com.andrewmiller167.rainyshinycloudyUITests;
				PRODUCT_NAME = "$(TARGET_NAME)";
				SWIFT_VERSION = 4.0;
				TARGETED_DEVICE_FAMILY = "1,2";
				TEST_TARGET_NAME = rainyshinycloudy;
			};
			name = Debug;
		};
		F8DCD160205F08CD00617758 /* Release */ = {
			isa = XCBuildConfiguration;
			baseConfigurationReference = B3E1949063EA166E8533AC33 /* Pods-rainyshinycloudyUITests.release.xcconfig */;
			buildSettings = {
				ALWAYS_EMBED_SWIFT_STANDARD_LIBRARIES = YES;
				CODE_SIGN_STYLE = Automatic;
				DEVELOPMENT_TEAM = 67H43KT2PM;
				INFOPLIST_FILE = rainyshinycloudyUITests/Info.plist;
				LD_RUNPATH_SEARCH_PATHS = (
					"$(inherited)",
					"@executable_path/Frameworks",
					"@loader_path/Frameworks",
				);
				PRODUCT_BUNDLE_IDENTIFIER = com.andrewmiller167.rainyshinycloudyUITests;
				PRODUCT_NAME = "$(TARGET_NAME)";
				SWIFT_VERSION = 4.0;
				TARGETED_DEVICE_FAMILY = "1,2";
				TEST_TARGET_NAME = rainyshinycloudy;
			};
			name = Release;
		};
/* End XCBuildConfiguration section */

/* Begin XCConfigurationList section */
		F8DCD12B205F08C900617758 /* Build configuration list for PBXProject "rainyshinycloudy" */ = {
			isa = XCConfigurationList;
			buildConfigurations = (
				F8DCD156205F08CD00617758 /* Debug */,
				F8DCD157205F08CD00617758 /* Release */,
			);
			defaultConfigurationIsVisible = 0;
			defaultConfigurationName = Release;
		};
		F8DCD158205F08CD00617758 /* Build configuration list for PBXNativeTarget "rainyshinycloudy" */ = {
			isa = XCConfigurationList;
			buildConfigurations = (
				F8DCD159205F08CD00617758 /* Debug */,
				F8DCD15A205F08CD00617758 /* Release */,
			);
			defaultConfigurationIsVisible = 0;
			defaultConfigurationName = Release;
		};
		F8DCD15B205F08CD00617758 /* Build configuration list for PBXNativeTarget "rainyshinycloudyTests" */ = {
			isa = XCConfigurationList;
			buildConfigurations = (
				F8DCD15C205F08CD00617758 /* Debug */,
				F8DCD15D205F08CD00617758 /* Release */,
			);
			defaultConfigurationIsVisible = 0;
			defaultConfigurationName = Release;
		};
		F8DCD15E205F08CD00617758 /* Build configuration list for PBXNativeTarget "rainyshinycloudyUITests" */ = {
			isa = XCConfigurationList;
			buildConfigurations = (
				F8DCD15F205F08CD00617758 /* Debug */,
				F8DCD160205F08CD00617758 /* Release */,
			);
			defaultConfigurationIsVisible = 0;
			defaultConfigurationName = Release;
		};
/* End XCConfigurationList section */
	};
	rootObject = F8DCD128205F08C900617758 /* Project object */;
}
